// !$*UTF8*$!
{
	archiveVersion = 1;
	classes = {
	};
	objectVersion = 50;
	objects = {

/* Begin PBXBuildFile section */
		BB26D5C82586698A002EBA68 /* CustomizationPromoApp.swift in Sources */ = {isa = PBXBuildFile; fileRef = BB26D5C72586698A002EBA68 /* CustomizationPromoApp.swift */; };
		BB26D5CA2586698A002EBA68 /* ContentView.swift in Sources */ = {isa = PBXBuildFile; fileRef = BB26D5C92586698A002EBA68 /* ContentView.swift */; };
		BB26D5CC2586698C002EBA68 /* Assets.xcassets in Resources */ = {isa = PBXBuildFile; fileRef = BB26D5CB2586698C002EBA68 /* Assets.xcassets */; };
		BB26D5CF2586698C002EBA68 /* Preview Assets.xcassets in Resources */ = {isa = PBXBuildFile; fileRef = BB26D5CE2586698C002EBA68 /* Preview Assets.xcassets */; };
		BB26D5D9258669B5002EBA68 /* CustomButtonStyles.swift in Sources */ = {isa = PBXBuildFile; fileRef = BB26D5D8258669B5002EBA68 /* CustomButtonStyles.swift */; };
		BB26D5DD258669F1002EBA68 /* CustomButtonView.swift in Sources */ = {isa = PBXBuildFile; fileRef = BB26D5DC258669F1002EBA68 /* CustomButtonView.swift */; };
		BB26D5E125866A86002EBA68 /* CustomToggleStyles.swift in Sources */ = {isa = PBXBuildFile; fileRef = BB26D5E025866A86002EBA68 /* CustomToggleStyles.swift */; };
		BB26D5EA25866B46002EBA68 /* CustomGroupBoxStyles.swift in Sources */ = {isa = PBXBuildFile; fileRef = BB26D5E925866B46002EBA68 /* CustomGroupBoxStyles.swift */; };
		BB26D5ED25866B52002EBA68 /* CustomProgressViewStyles.swift in Sources */ = {isa = PBXBuildFile; fileRef = BB26D5EC25866B52002EBA68 /* CustomProgressViewStyles.swift */; };
		BB26D5F025866B5A002EBA68 /* CustomProgressGroupView.swift in Sources */ = {isa = PBXBuildFile; fileRef = BB26D5EF25866B59002EBA68 /* CustomProgressGroupView.swift */; };
		BBC94B38258684DD00B3A94E /* View+Extension.swift in Sources */ = {isa = PBXBuildFile; fileRef = BBC94B37258684DD00B3A94E /* View+Extension.swift */; };
		BBC94B422586889300B3A94E /* CustomToggleView.swift in Sources */ = {isa = PBXBuildFile; fileRef = BBC94B412586889300B3A94E /* CustomToggleView.swift */; };
/* End PBXBuildFile section */

/* Begin PBXFileReference section */
		BB26D5C42586698A002EBA68 /* CustomizationPromo.app */ = {isa = PBXFileReference; explicitFileType = wrapper.application; includeInIndex = 0; path = CustomizationPromo.app; sourceTree = BUILT_PRODUCTS_DIR; };
		BB26D5C72586698A002EBA68 /* CustomizationPromoApp.swift */ = {isa = PBXFileReference; lastKnownFileType = sourcecode.swift; path = CustomizationPromoApp.swift; sourceTree = "<group>"; };
		BB26D5C92586698A002EBA68 /* ContentView.swift */ = {isa = PBXFileReference; lastKnownFileType = sourcecode.swift; path = ContentView.swift; sourceTree = "<group>"; };
		BB26D5CB2586698C002EBA68 /* Assets.xcassets */ = {isa = PBXFileReference; lastKnownFileType = folder.assetcatalog; path = Assets.xcassets; sourceTree = "<group>"; };
		BB26D5CE2586698C002EBA68 /* Preview Assets.xcassets */ = {isa = PBXFileReference; lastKnownFileType = folder.assetcatalog; path = "Preview Assets.xcassets"; sourceTree = "<group>"; };
		BB26D5D02586698C002EBA68 /* Info.plist */ = {isa = PBXFileReference; lastKnownFileType = text.plist.xml; path = Info.plist; sourceTree = "<group>"; };
		BB26D5D8258669B5002EBA68 /* CustomButtonStyles.swift */ = {isa = PBXFileReference; fileEncoding = 4; lastKnownFileType = sourcecode.swift; path = CustomButtonStyles.swift; sourceTree = "<group>"; };
		BB26D5DC258669F1002EBA68 /* CustomButtonView.swift */ = {isa = PBXFileReference; fileEncoding = 4; lastKnownFileType = sourcecode.swift; path = CustomButtonView.swift; sourceTree = "<group>"; };
		BB26D5E025866A86002EBA68 /* CustomToggleStyles.swift */ = {isa = PBXFileReference; fileEncoding = 4; lastKnownFileType = sourcecode.swift; path = CustomToggleStyles.swift; sourceTree = "<group>"; };
		BB26D5E925866B46002EBA68 /* CustomGroupBoxStyles.swift */ = {isa = PBXFileReference; fileEncoding = 4; lastKnownFileType = sourcecode.swift; path = CustomGroupBoxStyles.swift; sourceTree = "<group>"; };
		BB26D5EC25866B52002EBA68 /* CustomProgressViewStyles.swift */ = {isa = PBXFileReference; fileEncoding = 4; lastKnownFileType = sourcecode.swift; path = CustomProgressViewStyles.swift; sourceTree = "<group>"; };
		BB26D5EF25866B59002EBA68 /* CustomProgressGroupView.swift */ = {isa = PBXFileReference; fileEncoding = 4; lastKnownFileType = sourcecode.swift; path = CustomProgressGroupView.swift; sourceTree = "<group>"; };
		BBC94B37258684DD00B3A94E /* View+Extension.swift */ = {isa = PBXFileReference; lastKnownFileType = sourcecode.swift; path = "View+Extension.swift"; sourceTree = "<group>"; };
		BBC94B412586889300B3A94E /* CustomToggleView.swift */ = {isa = PBXFileReference; lastKnownFileType = sourcecode.swift; path = CustomToggleView.swift; sourceTree = "<group>"; };
/* End PBXFileReference section */

/* Begin PBXFrameworksBuildPhase section */
		BB26D5C12586698A002EBA68 /* Frameworks */ = {
			isa = PBXFrameworksBuildPhase;
			buildActionMask = 2147483647;
			files = (
			);
			runOnlyForDeploymentPostprocessing = 0;
		};
/* End PBXFrameworksBuildPhase section */

/* Begin PBXGroup section */
		BB26D5BB2586698A002EBA68 = {
			isa = PBXGroup;
			children = (
				BB26D5C62586698A002EBA68 /* CustomizationPromo */,
				BB26D5C52586698A002EBA68 /* Products */,
			);
			sourceTree = "<group>";
		};
		BB26D5C52586698A002EBA68 /* Products */ = {
			isa = PBXGroup;
			children = (
				BB26D5C42586698A002EBA68 /* CustomizationPromo.app */,
			);
			name = Products;
			sourceTree = "<group>";
		};
		BB26D5C62586698A002EBA68 /* CustomizationPromo */ = {
			isa = PBXGroup;
			children = (
				BB26D5C72586698A002EBA68 /* CustomizationPromoApp.swift */,
				BB26D5C92586698A002EBA68 /* ContentView.swift */,
				BBC94B3A258687F900B3A94E /* TabViews */,
				BBC94B37258684DD00B3A94E /* View+Extension.swift */,
				BBC94B3E2586883D00B3A94E /* Custom Styles */,
				BB26D5CB2586698C002EBA68 /* Assets.xcassets */,
				BB26D5D02586698C002EBA68 /* Info.plist */,
				BB26D5CD2586698C002EBA68 /* Preview Content */,
			);
			path = CustomizationPromo;
			sourceTree = "<group>";
		};
		BB26D5CD2586698C002EBA68 /* Preview Content */ = {
			isa = PBXGroup;
			children = (
				BB26D5CE2586698C002EBA68 /* Preview Assets.xcassets */,
			);
			path = "Preview Content";
			sourceTree = "<group>";
		};
		BBC94B3A258687F900B3A94E /* TabViews */ = {
			isa = PBXGroup;
			children = (
				BB26D5DC258669F1002EBA68 /* CustomButtonView.swift */,
				BBC94B412586889300B3A94E /* CustomToggleView.swift */,
				BB26D5EF25866B59002EBA68 /* CustomProgressGroupView.swift */,
			);
			path = TabViews;
			sourceTree = "<group>";
		};
		BBC94B3E2586883D00B3A94E /* Custom Styles */ = {
			isa = PBXGroup;
			children = (
				BB26D5EC25866B52002EBA68 /* CustomProgressViewStyles.swift */,
				BB26D5E925866B46002EBA68 /* CustomGroupBoxStyles.swift */,
				BB26D5D8258669B5002EBA68 /* CustomButtonStyles.swift */,
				BB26D5E025866A86002EBA68 /* CustomToggleStyles.swift */,
			);
			path = "Custom Styles";
			sourceTree = "<group>";
		};
/* End PBXGroup section */

/* Begin PBXNativeTarget section */
		BB26D5C32586698A002EBA68 /* CustomizationPromo */ = {
			isa = PBXNativeTarget;
			buildConfigurationList = BB26D5D32586698C002EBA68 /* Build configuration list for PBXNativeTarget "CustomizationPromo" */;
			buildPhases = (
				BB26D5C02586698A002EBA68 /* Sources */,
				BB26D5C12586698A002EBA68 /* Frameworks */,
				BB26D5C22586698A002EBA68 /* Resources */,
			);
			buildRules = (
			);
			dependencies = (
			);
			name = CustomizationPromo;
			productName = CustomizationPromo;
			productReference = BB26D5C42586698A002EBA68 /* CustomizationPromo.app */;
			productType = "com.apple.product-type.application";
		};
/* End PBXNativeTarget section */

/* Begin PBXProject section */
		BB26D5BC2586698A002EBA68 /* Project object */ = {
			isa = PBXProject;
			attributes = {
				LastSwiftUpdateCheck = 1220;
				LastUpgradeCheck = 1220;
				TargetAttributes = {
					BB26D5C32586698A002EBA68 = {
						CreatedOnToolsVersion = 12.2;
					};
				};
			};
			buildConfigurationList = BB26D5BF2586698A002EBA68 /* Build configuration list for PBXProject "CustomizationPromo" */;
			compatibilityVersion = "Xcode 9.3";
			developmentRegion = en;
			hasScannedForEncodings = 0;
			knownRegions = (
				en,
				Base,
			);
			mainGroup = BB26D5BB2586698A002EBA68;
			productRefGroup = BB26D5C52586698A002EBA68 /* Products */;
			projectDirPath = "";
			projectRoot = "";
			targets = (
				BB26D5C32586698A002EBA68 /* CustomizationPromo */,
			);
		};
/* End PBXProject section */

/* Begin PBXResourcesBuildPhase section */
		BB26D5C22586698A002EBA68 /* Resources */ = {
			isa = PBXResourcesBuildPhase;
			buildActionMask = 2147483647;
			files = (
				BB26D5CF2586698C002EBA68 /* Preview Assets.xcassets in Resources */,
				BB26D5CC2586698C002EBA68 /* Assets.xcassets in Resources */,
			);
			runOnlyForDeploymentPostprocessing = 0;
		};
/* End PBXResourcesBuildPhase section */

/* Begin PBXSourcesBuildPhase section */
		BB26D5C02586698A002EBA68 /* Sources */ = {
			isa = PBXSourcesBuildPhase;
			buildActionMask = 2147483647;
			files = (
				BB26D5ED25866B52002EBA68 /* CustomProgressViewStyles.swift in Sources */,
				BB26D5E125866A86002EBA68 /* CustomToggleStyles.swift in Sources */,
				BBC94B38258684DD00B3A94E /* View+Extension.swift in Sources */,
				BBC94B422586889300B3A94E /* CustomToggleView.swift in Sources */,
				BB26D5CA2586698A002EBA68 /* ContentView.swift in Sources */,
				BB26D5C82586698A002EBA68 /* CustomizationPromoApp.swift in Sources */,
				BB26D5F025866B5A002EBA68 /* CustomProgressGroupView.swift in Sources */,
				BB26D5DD258669F1002EBA68 /* CustomButtonView.swift in Sources */,
				BB26D5D9258669B5002EBA68 /* CustomButtonStyles.swift in Sources */,
				BB26D5EA25866B46002EBA68 /* CustomGroupBoxStyles.swift in Sources */,
			);
			runOnlyForDeploymentPostprocessing = 0;
		};
/* End PBXSourcesBuildPhase section */

/* Begin XCBuildConfiguration section */
		BB26D5D12586698C002EBA68 /* Debug */ = {
			isa = XCBuildConfiguration;
			buildSettings = {
				ALWAYS_SEARCH_USER_PATHS = NO;
				CLANG_ANALYZER_NONNULL = YES;
				CLANG_ANALYZER_NUMBER_OBJECT_CONVERSION = YES_AGGRESSIVE;
				CLANG_CXX_LANGUAGE_STANDARD = "gnu++14";
				CLANG_CXX_LIBRARY = "libc++";
				CLANG_ENABLE_MODULES = YES;
				CLANG_ENABLE_OBJC_ARC = YES;
				CLANG_ENABLE_OBJC_WEAK = YES;
				CLANG_WARN_BLOCK_CAPTURE_AUTORELEASING = YES;
				CLANG_WARN_BOOL_CONVERSION = YES;
				CLANG_WARN_COMMA = YES;
				CLANG_WARN_CONSTANT_CONVERSION = YES;
				CLANG_WARN_DEPRECATED_OBJC_IMPLEMENTATIONS = YES;
				CLANG_WARN_DIRECT_OBJC_ISA_USAGE = YES_ERROR;
				CLANG_WARN_DOCUMENTATION_COMMENTS = YES;
				CLANG_WARN_EMPTY_BODY = YES;
				CLANG_WARN_ENUM_CONVERSION = YES;
				CLANG_WARN_INFINITE_RECURSION = YES;
				CLANG_WARN_INT_CONVERSION = YES;
				CLANG_WARN_NON_LITERAL_NULL_CONVERSION = YES;
				CLANG_WARN_OBJC_IMPLICIT_RETAIN_SELF = YES;
				CLANG_WARN_OBJC_LITERAL_CONVERSION = YES;
				CLANG_WARN_OBJC_ROOT_CLASS = YES_ERROR;
				CLANG_WARN_QUOTED_INCLUDE_IN_FRAMEWORK_HEADER = YES;
				CLANG_WARN_RANGE_LOOP_ANALYSIS = YES;
				CLANG_WARN_STRICT_PROTOTYPES = YES;
				CLANG_WARN_SUSPICIOUS_MOVE = YES;
				CLANG_WARN_UNGUARDED_AVAILABILITY = YES_AGGRESSIVE;
				CLANG_WARN_UNREACHABLE_CODE = YES;
				CLANG_WARN__DUPLICATE_METHOD_MATCH = YES;
				COPY_PHASE_STRIP = NO;
				DEBUG_INFORMATION_FORMAT = dwarf;
				ENABLE_STRICT_OBJC_MSGSEND = YES;
				ENABLE_TESTABILITY = YES;
				GCC_C_LANGUAGE_STANDARD = gnu11;
				GCC_DYNAMIC_NO_PIC = NO;
				GCC_NO_COMMON_BLOCKS = YES;
				GCC_OPTIMIZATION_LEVEL = 0;
				GCC_PREPROCESSOR_DEFINITIONS = (
					"DEBUG=1",
					"$(inherited)",
				);
				GCC_WARN_64_TO_32_BIT_CONVERSION = YES;
				GCC_WARN_ABOUT_RETURN_TYPE = YES_ERROR;
				GCC_WARN_UNDECLARED_SELECTOR = YES;
				GCC_WARN_UNINITIALIZED_AUTOS = YES_AGGRESSIVE;
				GCC_WARN_UNUSED_FUNCTION = YES;
				GCC_WARN_UNUSED_VARIABLE = YES;
				IPHONEOS_DEPLOYMENT_TARGET = 14.2;
				MTL_ENABLE_DEBUG_INFO = INCLUDE_SOURCE;
				MTL_FAST_MATH = YES;
				ONLY_ACTIVE_ARCH = YES;
				SDKROOT = iphoneos;
				SWIFT_ACTIVE_COMPILATION_CONDITIONS = DEBUG;
				SWIFT_OPTIMIZATION_LEVEL = "-Onone";
			};
			name = Debug;
		};
		BB26D5D22586698C002EBA68 /* Release */ = {
			isa = XCBuildConfiguration;
			buildSettings = {
				ALWAYS_SEARCH_USER_PATHS = NO;
				CLANG_ANALYZER_NONNULL = YES;
				CLANG_ANALYZER_NUMBER_OBJECT_CONVERSION = YES_AGGRESSIVE;
				CLANG_CXX_LANGUAGE_STANDARD = "gnu++14";
				CLANG_CXX_LIBRARY = "libc++";
				CLANG_ENABLE_MODULES = YES;
				CLANG_ENABLE_OBJC_ARC = YES;
				CLANG_ENABLE_OBJC_WEAK = YES;
				CLANG_WARN_BLOCK_CAPTURE_AUTORELEASING = YES;
				CLANG_WARN_BOOL_CONVERSION = YES;
				CLANG_WARN_COMMA = YES;
				CLANG_WARN_CONSTANT_CONVERSION = YES;
				CLANG_WARN_DEPRECATED_OBJC_IMPLEMENTATIONS = YES;
				CLANG_WARN_DIRECT_OBJC_ISA_USAGE = YES_ERROR;
				CLANG_WARN_DOCUMENTATION_COMMENTS = YES;
				CLANG_WARN_EMPTY_BODY = YES;
				CLANG_WARN_ENUM_CONVERSION = YES;
				CLANG_WARN_INFINITE_RECURSION = YES;
				CLANG_WARN_INT_CONVERSION = YES;
				CLANG_WARN_NON_LITERAL_NULL_CONVERSION = YES;
				CLANG_WARN_OBJC_IMPLICIT_RETAIN_SELF = YES;
				CLANG_WARN_OBJC_LITERAL_CONVERSION = YES;
				CLANG_WARN_OBJC_ROOT_CLASS = YES_ERROR;
				CLANG_WARN_QUOTED_INCLUDE_IN_FRAMEWORK_HEADER = YES;
				CLANG_WARN_RANGE_LOOP_ANALYSIS = YES;
				CLANG_WARN_STRICT_PROTOTYPES = YES;
				CLANG_WARN_SUSPICIOUS_MOVE = YES;
				CLANG_WARN_UNGUARDED_AVAILABILITY = YES_AGGRESSIVE;
				CLANG_WARN_UNREACHABLE_CODE = YES;
				CLANG_WARN__DUPLICATE_METHOD_MATCH = YES;
				COPY_PHASE_STRIP = NO;
				DEBUG_INFORMATION_FORMAT = "dwarf-with-dsym";
				ENABLE_NS_ASSERTIONS = NO;
				ENABLE_STRICT_OBJC_MSGSEND = YES;
				GCC_C_LANGUAGE_STANDARD = gnu11;
				GCC_NO_COMMON_BLOCKS = YES;
				GCC_WARN_64_TO_32_BIT_CONVERSION = YES;
				GCC_WARN_ABOUT_RETURN_TYPE = YES_ERROR;
				GCC_WARN_UNDECLARED_SELECTOR = YES;
				GCC_WARN_UNINITIALIZED_AUTOS = YES_AGGRESSIVE;
				GCC_WARN_UNUSED_FUNCTION = YES;
				GCC_WARN_UNUSED_VARIABLE = YES;
				IPHONEOS_DEPLOYMENT_TARGET = 14.2;
				MTL_ENABLE_DEBUG_INFO = NO;
				MTL_FAST_MATH = YES;
				SDKROOT = iphoneos;
				SWIFT_COMPILATION_MODE = wholemodule;
				SWIFT_OPTIMIZATION_LEVEL = "-O";
				VALIDATE_PRODUCT = YES;
			};
			name = Release;
		};
		BB26D5D42586698C002EBA68 /* Debug */ = {
			isa = XCBuildConfiguration;
			buildSettings = {
				ASSETCATALOG_COMPILER_APPICON_NAME = AppIcon;
				ASSETCATALOG_COMPILER_GLOBAL_ACCENT_COLOR_NAME = AccentColor;
				CODE_SIGN_STYLE = Automatic;
				DEVELOPMENT_ASSET_PATHS = "\"CustomizationPromo/Preview Content\"";
				DEVELOPMENT_TEAM = RKV4UP49S6;
				ENABLE_PREVIEWS = YES;
				INFOPLIST_FILE = CustomizationPromo/Info.plist;
				IPHONEOS_DEPLOYMENT_TARGET = 14.0;
				LD_RUNPATH_SEARCH_PATHS = (
					"$(inherited)",
					"@executable_path/Frameworks",
				);
				PRODUCT_BUNDLE_IDENTIFIER = com.createchsol.CustomizationPromo;
				PRODUCT_NAME = "$(TARGET_NAME)";
				SWIFT_VERSION = 5.0;
				TARGETED_DEVICE_FAMILY = "1,2";
			};
			name = Debug;
		};
		BB26D5D52586698C002EBA68 /* Release */ = {
			isa = XCBuildConfiguration;
			buildSettings = {
				ASSETCATALOG_COMPILER_APPICON_NAME = AppIcon;
				ASSETCATALOG_COMPILER_GLOBAL_ACCENT_COLOR_NAME = AccentColor;
				CODE_SIGN_STYLE = Automatic;
				DEVELOPMENT_ASSET_PATHS = "\"CustomizationPromo/Preview Content\"";
				DEVELOPMENT_TEAM = RKV4UP49S6;
				ENABLE_PREVIEWS = YES;
				INFOPLIST_FILE = CustomizationPromo/Info.plist;
				IPHONEOS_DEPLOYMENT_TARGET = 14.0;
				LD_RUNPATH_SEARCH_PATHS = (
					"$(inherited)",
					"@executable_path/Frameworks",
				);
				PRODUCT_BUNDLE_IDENTIFIER = com.createchsol.CustomizationPromo;
				PRODUCT_NAME = "$(TARGET_NAME)";
				SWIFT_VERSION = 5.0;
				TARGETED_DEVICE_FAMILY = "1,2";
			};
			name = Release;
		};
/* End XCBuildConfiguration section */

/* Begin XCConfigurationList section */
		BB26D5BF2586698A002EBA68 /* Build configuration list for PBXProject "CustomizationPromo" */ = {
			isa = XCConfigurationList;
			buildConfigurations = (
				BB26D5D12586698C002EBA68 /* Debug */,
				BB26D5D22586698C002EBA68 /* Release */,
			);
			defaultConfigurationIsVisible = 0;
			defaultConfigurationName = Release;
		};
		BB26D5D32586698C002EBA68 /* Build configuration list for PBXNativeTarget "CustomizationPromo" */ = {
			isa = XCConfigurationList;
			buildConfigurations = (
				BB26D5D42586698C002EBA68 /* Debug */,
				BB26D5D52586698C002EBA68 /* Release */,
			);
			defaultConfigurationIsVisible = 0;
			defaultConfigurationName = Release;
		};
/* End XCConfigurationList section */
	};
	rootObject = BB26D5BC2586698A002EBA68 /* Project object */;
}
